// !$*UTF8*$!
{
	archiveVersion = 1;
	classes = {
	};
	objectVersion = 56;
	objects = {

/* Begin PBXBuildFile section */
		CEF661532B2B782900678C8F /* TeamUpApp.swift in Sources */ = {isa = PBXBuildFile; fileRef = CEF661522B2B782900678C8F /* TeamUpApp.swift */; };
		CEF661552B2B782900678C8F /* TelaJogador.swift in Sources */ = {isa = PBXBuildFile; fileRef = CEF661542B2B782900678C8F /* TelaJogador.swift */; };
		CEF661572B2B782B00678C8F /* Assets.xcassets in Resources */ = {isa = PBXBuildFile; fileRef = CEF661562B2B782B00678C8F /* Assets.xcassets */; };
		CEF6615A2B2B782B00678C8F /* Preview Assets.xcassets in Resources */ = {isa = PBXBuildFile; fileRef = CEF661592B2B782B00678C8F /* Preview Assets.xcassets */; };
		CEF661612B2B7C3000678C8F /* TelaTimes.swift in Sources */ = {isa = PBXBuildFile; fileRef = CEF661602B2B7C3000678C8F /* TelaTimes.swift */; };
		CEF661632B2B7C6500678C8F /* ConfigurarTime.swift in Sources */ = {isa = PBXBuildFile; fileRef = CEF661622B2B7C6500678C8F /* ConfigurarTime.swift */; };
		CEF661652B2B7C7200678C8F /* NovoTime.swift in Sources */ = {isa = PBXBuildFile; fileRef = CEF661642B2B7C7200678C8F /* NovoTime.swift */; };
		CEF661672B2B7C7A00678C8F /* Lousa.swift in Sources */ = {isa = PBXBuildFile; fileRef = CEF661662B2B7C7A00678C8F /* Lousa.swift */; };
		CEF661692B2B7CB800678C8F /* TelaTime.swift in Sources */ = {isa = PBXBuildFile; fileRef = CEF661682B2B7CB800678C8F /* TelaTime.swift */; };
		CEF6616B2B2B7CCD00678C8F /* Constens.swift in Sources */ = {isa = PBXBuildFile; fileRef = CEF6616A2B2B7CCD00678C8F /* Constens.swift */; };
		CEF6616D2B2B7EEE00678C8F /* ColorPickerView.swift in Sources */ = {isa = PBXBuildFile; fileRef = CEF6616C2B2B7EEE00678C8F /* ColorPickerView.swift */; };
/* End PBXBuildFile section */

/* Begin PBXFileReference section */
		CEF6614F2B2B782900678C8F /* TeamUp.app */ = {isa = PBXFileReference; explicitFileType = wrapper.application; includeInIndex = 0; path = TeamUp.app; sourceTree = BUILT_PRODUCTS_DIR; };
		CEF661522B2B782900678C8F /* TeamUpApp.swift */ = {isa = PBXFileReference; lastKnownFileType = sourcecode.swift; path = TeamUpApp.swift; sourceTree = "<group>"; };
		CEF661542B2B782900678C8F /* TelaJogador.swift */ = {isa = PBXFileReference; lastKnownFileType = sourcecode.swift; path = TelaJogador.swift; sourceTree = "<group>"; };
		CEF661562B2B782B00678C8F /* Assets.xcassets */ = {isa = PBXFileReference; lastKnownFileType = folder.assetcatalog; path = Assets.xcassets; sourceTree = "<group>"; };
		CEF661592B2B782B00678C8F /* Preview Assets.xcassets */ = {isa = PBXFileReference; lastKnownFileType = folder.assetcatalog; path = "Preview Assets.xcassets"; sourceTree = "<group>"; };
		CEF661602B2B7C3000678C8F /* TelaTimes.swift */ = {isa = PBXFileReference; lastKnownFileType = sourcecode.swift; path = TelaTimes.swift; sourceTree = "<group>"; };
		CEF661622B2B7C6500678C8F /* ConfigurarTime.swift */ = {isa = PBXFileReference; lastKnownFileType = sourcecode.swift; path = ConfigurarTime.swift; sourceTree = "<group>"; };
		CEF661642B2B7C7200678C8F /* NovoTime.swift */ = {isa = PBXFileReference; lastKnownFileType = sourcecode.swift; path = NovoTime.swift; sourceTree = "<group>"; };
		CEF661662B2B7C7A00678C8F /* Lousa.swift */ = {isa = PBXFileReference; lastKnownFileType = sourcecode.swift; path = Lousa.swift; sourceTree = "<group>"; };
		CEF661682B2B7CB800678C8F /* TelaTime.swift */ = {isa = PBXFileReference; lastKnownFileType = sourcecode.swift; path = TelaTime.swift; sourceTree = "<group>"; };
		CEF6616A2B2B7CCD00678C8F /* Constens.swift */ = {isa = PBXFileReference; lastKnownFileType = sourcecode.swift; path = Constens.swift; sourceTree = "<group>"; };
		CEF6616C2B2B7EEE00678C8F /* ColorPickerView.swift */ = {isa = PBXFileReference; lastKnownFileType = sourcecode.swift; path = ColorPickerView.swift; sourceTree = "<group>"; };
/* End PBXFileReference section */

/* Begin PBXFrameworksBuildPhase section */
		CEF6614C2B2B782900678C8F /* Frameworks */ = {
			isa = PBXFrameworksBuildPhase;
			buildActionMask = 2147483647;
			files = (
			);
			runOnlyForDeploymentPostprocessing = 0;
		};
/* End PBXFrameworksBuildPhase section */

/* Begin PBXGroup section */
		CEF661462B2B782800678C8F = {
			isa = PBXGroup;
			children = (
				CEF661512B2B782900678C8F /* TeamUp */,
				CEF661502B2B782900678C8F /* Products */,
			);
			sourceTree = "<group>";
		};
		CEF661502B2B782900678C8F /* Products */ = {
			isa = PBXGroup;
			children = (
				CEF6614F2B2B782900678C8F /* TeamUp.app */,
			);
			name = Products;
			sourceTree = "<group>";
		};
		CEF661512B2B782900678C8F /* TeamUp */ = {
			isa = PBXGroup;
			children = (
				CEF661522B2B782900678C8F /* TeamUpApp.swift */,
				CEF661602B2B7C3000678C8F /* TelaTimes.swift */,
				CEF661542B2B782900678C8F /* TelaJogador.swift */,
				CEF661622B2B7C6500678C8F /* ConfigurarTime.swift */,
				CEF661642B2B7C7200678C8F /* NovoTime.swift */,
				CEF661662B2B7C7A00678C8F /* Lousa.swift */,
				CEF6616C2B2B7EEE00678C8F /* ColorPickerView.swift */,
				CEF661682B2B7CB800678C8F /* TelaTime.swift */,
				CEF6616A2B2B7CCD00678C8F /* Constens.swift */,
				CEF661562B2B782B00678C8F /* Assets.xcassets */,
				CEF661582B2B782B00678C8F /* Preview Content */,
			);
			path = TeamUp;
			sourceTree = "<group>";
		};
		CEF661582B2B782B00678C8F /* Preview Content */ = {
			isa = PBXGroup;
			children = (
				CEF661592B2B782B00678C8F /* Preview Assets.xcassets */,
			);
			path = "Preview Content";
			sourceTree = "<group>";
		};
/* End PBXGroup section */

/* Begin PBXNativeTarget section */
		CEF6614E2B2B782900678C8F /* TeamUp */ = {
			isa = PBXNativeTarget;
			buildConfigurationList = CEF6615D2B2B782B00678C8F /* Build configuration list for PBXNativeTarget "TeamUp" */;
			buildPhases = (
				CEF6614B2B2B782900678C8F /* Sources */,
				CEF6614C2B2B782900678C8F /* Frameworks */,
				CEF6614D2B2B782900678C8F /* Resources */,
			);
			buildRules = (
			);
			dependencies = (
			);
			name = TeamUp;
			productName = TeamUp;
			productReference = CEF6614F2B2B782900678C8F /* TeamUp.app */;
			productType = "com.apple.product-type.application";
		};
/* End PBXNativeTarget section */

/* Begin PBXProject section */
		CEF661472B2B782800678C8F /* Project object */ = {
			isa = PBXProject;
			attributes = {
				BuildIndependentTargetsInParallel = 1;
				LastSwiftUpdateCheck = 1420;
				LastUpgradeCheck = 1420;
				TargetAttributes = {
					CEF6614E2B2B782900678C8F = {
						CreatedOnToolsVersion = 14.2;
					};
				};
			};
			buildConfigurationList = CEF6614A2B2B782800678C8F /* Build configuration list for PBXProject "TeamUp" */;
			compatibilityVersion = "Xcode 14.0";
			developmentRegion = en;
			hasScannedForEncodings = 0;
			knownRegions = (
				en,
				Base,
			);
			mainGroup = CEF661462B2B782800678C8F;
			productRefGroup = CEF661502B2B782900678C8F /* Products */;
			projectDirPath = "";
			projectRoot = "";
			targets = (
				CEF6614E2B2B782900678C8F /* TeamUp */,
			);
		};
/* End PBXProject section */

/* Begin PBXResourcesBuildPhase section */
		CEF6614D2B2B782900678C8F /* Resources */ = {
			isa = PBXResourcesBuildPhase;
			buildActionMask = 2147483647;
			files = (
				CEF6615A2B2B782B00678C8F /* Preview Assets.xcassets in Resources */,
				CEF661572B2B782B00678C8F /* Assets.xcassets in Resources */,
			);
			runOnlyForDeploymentPostprocessing = 0;
		};
/* End PBXResourcesBuildPhase section */

/* Begin PBXSourcesBuildPhase section */
		CEF6614B2B2B782900678C8F /* Sources */ = {
			isa = PBXSourcesBuildPhase;
			buildActionMask = 2147483647;
			files = (
				CEF661672B2B7C7A00678C8F /* Lousa.swift in Sources */,
				CEF661692B2B7CB800678C8F /* TelaTime.swift in Sources */,
				CEF661652B2B7C7200678C8F /* NovoTime.swift in Sources */,
				CEF661612B2B7C3000678C8F /* TelaTimes.swift in Sources */,
				CEF661552B2B782900678C8F /* TelaJogador.swift in Sources */,
				CEF6616D2B2B7EEE00678C8F /* ColorPickerView.swift in Sources */,
				CEF661632B2B7C6500678C8F /* ConfigurarTime.swift in Sources */,
				CEF6616B2B2B7CCD00678C8F /* Constens.swift in Sources */,
				CEF661532B2B782900678C8F /* TeamUpApp.swift in Sources */,
			);
			runOnlyForDeploymentPostprocessing = 0;
		};
/* End PBXSourcesBuildPhase section */

/* Begin XCBuildConfiguration section */
		CEF6615B2B2B782B00678C8F /* Debug */ = {
			isa = XCBuildConfiguration;
			buildSettings = {
				ALWAYS_SEARCH_USER_PATHS = NO;
				CLANG_ANALYZER_NONNULL = YES;
				CLANG_ANALYZER_NUMBER_OBJECT_CONVERSION = YES_AGGRESSIVE;
				CLANG_CXX_LANGUAGE_STANDARD = "gnu++20";
				CLANG_ENABLE_MODULES = YES;
				CLANG_ENABLE_OBJC_ARC = YES;
				CLANG_ENABLE_OBJC_WEAK = YES;
				CLANG_WARN_BLOCK_CAPTURE_AUTORELEASING = YES;
				CLANG_WARN_BOOL_CONVERSION = YES;
				CLANG_WARN_COMMA = YES;
				CLANG_WARN_CONSTANT_CONVERSION = YES;
				CLANG_WARN_DEPRECATED_OBJC_IMPLEMENTATIONS = YES;
				CLANG_WARN_DIRECT_OBJC_ISA_USAGE = YES_ERROR;
				CLANG_WARN_DOCUMENTATION_COMMENTS = YES;
				CLANG_WARN_EMPTY_BODY = YES;
				CLANG_WARN_ENUM_CONVERSION = YES;
				CLANG_WARN_INFINITE_RECURSION = YES;
				CLANG_WARN_INT_CONVERSION = YES;
				CLANG_WARN_NON_LITERAL_NULL_CONVERSION = YES;
				CLANG_WARN_OBJC_IMPLICIT_RETAIN_SELF = YES;
				CLANG_WARN_OBJC_LITERAL_CONVERSION = YES;
				CLANG_WARN_OBJC_ROOT_CLASS = YES_ERROR;
				CLANG_WARN_QUOTED_INCLUDE_IN_FRAMEWORK_HEADER = YES;
				CLANG_WARN_RANGE_LOOP_ANALYSIS = YES;
				CLANG_WARN_STRICT_PROTOTYPES = YES;
				CLANG_WARN_SUSPICIOUS_MOVE = YES;
				CLANG_WARN_UNGUARDED_AVAILABILITY = YES_AGGRESSIVE;
				CLANG_WARN_UNREACHABLE_CODE = YES;
				CLANG_WARN__DUPLICATE_METHOD_MATCH = YES;
				COPY_PHASE_STRIP = NO;
				DEBUG_INFORMATION_FORMAT = dwarf;
				ENABLE_STRICT_OBJC_MSGSEND = YES;
				ENABLE_TESTABILITY = YES;
				GCC_C_LANGUAGE_STANDARD = gnu11;
				GCC_DYNAMIC_NO_PIC = NO;
				GCC_NO_COMMON_BLOCKS = YES;
				GCC_OPTIMIZATION_LEVEL = 0;
				GCC_PREPROCESSOR_DEFINITIONS = (
					"DEBUG=1",
					"$(inherited)",
				);
				GCC_WARN_64_TO_32_BIT_CONVERSION = YES;
				GCC_WARN_ABOUT_RETURN_TYPE = YES_ERROR;
				GCC_WARN_UNDECLARED_SELECTOR = YES;
				GCC_WARN_UNINITIALIZED_AUTOS = YES_AGGRESSIVE;
				GCC_WARN_UNUSED_FUNCTION = YES;
				GCC_WARN_UNUSED_VARIABLE = YES;
				IPHONEOS_DEPLOYMENT_TARGET = 16.2;
				MTL_ENABLE_DEBUG_INFO = INCLUDE_SOURCE;
				MTL_FAST_MATH = YES;
				ONLY_ACTIVE_ARCH = YES;
				SDKROOT = iphoneos;
				SWIFT_ACTIVE_COMPILATION_CONDITIONS = DEBUG;
				SWIFT_OPTIMIZATION_LEVEL = "-Onone";
			};
			name = Debug;
		};
		CEF6615C2B2B782B00678C8F /* Release */ = {
			isa = XCBuildConfiguration;
			buildSettings = {
				ALWAYS_SEARCH_USER_PATHS = NO;
				CLANG_ANALYZER_NONNULL = YES;
				CLANG_ANALYZER_NUMBER_OBJECT_CONVERSION = YES_AGGRESSIVE;
				CLANG_CXX_LANGUAGE_STANDARD = "gnu++20";
				CLANG_ENABLE_MODULES = YES;
				CLANG_ENABLE_OBJC_ARC = YES;
				CLANG_ENABLE_OBJC_WEAK = YES;
				CLANG_WARN_BLOCK_CAPTURE_AUTORELEASING = YES;
				CLANG_WARN_BOOL_CONVERSION = YES;
				CLANG_WARN_COMMA = YES;
				CLANG_WARN_CONSTANT_CONVERSION = YES;
				CLANG_WARN_DEPRECATED_OBJC_IMPLEMENTATIONS = YES;
				CLANG_WARN_DIRECT_OBJC_ISA_USAGE = YES_ERROR;
				CLANG_WARN_DOCUMENTATION_COMMENTS = YES;
				CLANG_WARN_EMPTY_BODY = YES;
				CLANG_WARN_ENUM_CONVERSION = YES;
				CLANG_WARN_INFINITE_RECURSION = YES;
				CLANG_WARN_INT_CONVERSION = YES;
				CLANG_WARN_NON_LITERAL_NULL_CONVERSION = YES;
				CLANG_WARN_OBJC_IMPLICIT_RETAIN_SELF = YES;
				CLANG_WARN_OBJC_LITERAL_CONVERSION = YES;
				CLANG_WARN_OBJC_ROOT_CLASS = YES_ERROR;
				CLANG_WARN_QUOTED_INCLUDE_IN_FRAMEWORK_HEADER = YES;
				CLANG_WARN_RANGE_LOOP_ANALYSIS = YES;
				CLANG_WARN_STRICT_PROTOTYPES = YES;
				CLANG_WARN_SUSPICIOUS_MOVE = YES;
				CLANG_WARN_UNGUARDED_AVAILABILITY = YES_AGGRESSIVE;
				CLANG_WARN_UNREACHABLE_CODE = YES;
				CLANG_WARN__DUPLICATE_METHOD_MATCH = YES;
				COPY_PHASE_STRIP = NO;
				DEBUG_INFORMATION_FORMAT = "dwarf-with-dsym";
				ENABLE_NS_ASSERTIONS = NO;
				ENABLE_STRICT_OBJC_MSGSEND = YES;
				GCC_C_LANGUAGE_STANDARD = gnu11;
				GCC_NO_COMMON_BLOCKS = YES;
				GCC_WARN_64_TO_32_BIT_CONVERSION = YES;
				GCC_WARN_ABOUT_RETURN_TYPE = YES_ERROR;
				GCC_WARN_UNDECLARED_SELECTOR = YES;
				GCC_WARN_UNINITIALIZED_AUTOS = YES_AGGRESSIVE;
				GCC_WARN_UNUSED_FUNCTION = YES;
				GCC_WARN_UNUSED_VARIABLE = YES;
				IPHONEOS_DEPLOYMENT_TARGET = 16.2;
				MTL_ENABLE_DEBUG_INFO = NO;
				MTL_FAST_MATH = YES;
				SDKROOT = iphoneos;
				SWIFT_COMPILATION_MODE = wholemodule;
				SWIFT_OPTIMIZATION_LEVEL = "-O";
				VALIDATE_PRODUCT = YES;
			};
			name = Release;
		};
		CEF6615E2B2B782B00678C8F /* Debug */ = {
			isa = XCBuildConfiguration;
			buildSettings = {
				ASSETCATALOG_COMPILER_APPICON_NAME = AppIcon;
				ASSETCATALOG_COMPILER_GLOBAL_ACCENT_COLOR_NAME = AccentColor;
				CODE_SIGN_STYLE = Automatic;
				CURRENT_PROJECT_VERSION = 1;
				DEVELOPMENT_ASSET_PATHS = "\"TeamUp/Preview Content\"";
				ENABLE_PREVIEWS = YES;
				GENERATE_INFOPLIST_FILE = YES;
				INFOPLIST_KEY_UIApplicationSceneManifest_Generation = YES;
				INFOPLIST_KEY_UIApplicationSupportsIndirectInputEvents = YES;
				INFOPLIST_KEY_UILaunchScreen_Generation = YES;
				INFOPLIST_KEY_UISupportedInterfaceOrientations_iPad = "UIInterfaceOrientationPortrait UIInterfaceOrientationPortraitUpsideDown UIInterfaceOrientationLandscapeLeft UIInterfaceOrientationLandscapeRight";
				INFOPLIST_KEY_UISupportedInterfaceOrientations_iPhone = "UIInterfaceOrientationPortrait UIInterfaceOrientationLandscapeLeft UIInterfaceOrientationLandscapeRight";
				LD_RUNPATH_SEARCH_PATHS = (
					"$(inherited)",
					"@executable_path/Frameworks",
				);
				MARKETING_VERSION = 1.0;
				PRODUCT_BUNDLE_IDENTIFIER = KrakenVortex.TeamUp;
				PRODUCT_NAME = "$(TARGET_NAME)";
				SWIFT_EMIT_LOC_STRINGS = YES;
				SWIFT_VERSION = 5.0;
				TARGETED_DEVICE_FAMILY = "1,2";
			};
			name = Debug;
		};
		CEF6615F2B2B782B00678C8F /* Release */ = {
			isa = XCBuildConfiguration;
			buildSettings = {
				ASSETCATALOG_COMPILER_APPICON_NAME = AppIcon;
				ASSETCATALOG_COMPILER_GLOBAL_ACCENT_COLOR_NAME = AccentColor;
				CODE_SIGN_STYLE = Automatic;
				CURRENT_PROJECT_VERSION = 1;
				DEVELOPMENT_ASSET_PATHS = "\"TeamUp/Preview Content\"";
				ENABLE_PREVIEWS = YES;
				GENERATE_INFOPLIST_FILE = YES;
				INFOPLIST_KEY_UIApplicationSceneManifest_Generation = YES;
				INFOPLIST_KEY_UIApplicationSupportsIndirectInputEvents = YES;
				INFOPLIST_KEY_UILaunchScreen_Generation = YES;
				INFOPLIST_KEY_UISupportedInterfaceOrientations_iPad = "UIInterfaceOrientationPortrait UIInterfaceOrientationPortraitUpsideDown UIInterfaceOrientationLandscapeLeft UIInterfaceOrientationLandscapeRight";
				INFOPLIST_KEY_UISupportedInterfaceOrientations_iPhone = "UIInterfaceOrientationPortrait UIInterfaceOrientationLandscapeLeft UIInterfaceOrientationLandscapeRight";
				LD_RUNPATH_SEARCH_PATHS = (
					"$(inherited)",
					"@executable_path/Frameworks",
				);
				MARKETING_VERSION = 1.0;
				PRODUCT_BUNDLE_IDENTIFIER = KrakenVortex.TeamUp;
				PRODUCT_NAME = "$(TARGET_NAME)";
				SWIFT_EMIT_LOC_STRINGS = YES;
				SWIFT_VERSION = 5.0;
				TARGETED_DEVICE_FAMILY = "1,2";
			};
			name = Release;
		};
/* End XCBuildConfiguration section */

/* Begin XCConfigurationList section */
		CEF6614A2B2B782800678C8F /* Build configuration list for PBXProject "TeamUp" */ = {
			isa = XCConfigurationList;
			buildConfigurations = (
				CEF6615B2B2B782B00678C8F /* Debug */,
				CEF6615C2B2B782B00678C8F /* Release */,
			);
			defaultConfigurationIsVisible = 0;
			defaultConfigurationName = Release;
		};
		CEF6615D2B2B782B00678C8F /* Build configuration list for PBXNativeTarget "TeamUp" */ = {
			isa = XCConfigurationList;
			buildConfigurations = (
				CEF6615E2B2B782B00678C8F /* Debug */,
				CEF6615F2B2B782B00678C8F /* Release */,
			);
			defaultConfigurationIsVisible = 0;
			defaultConfigurationName = Release;
		};
/* End XCConfigurationList section */
	};
	rootObject = CEF661472B2B782800678C8F /* Project object */;
}
